{
  "requires": true,
  "lockfileVersion": 1,
  "dependencies": {
    "geteventlisteners": {
      "version": "1.1.0",
      "resolved": "https://registry.npmjs.org/geteventlisteners/-/geteventlisteners-1.1.0.tgz",
      "integrity": "sha512-judp11L1Q2EBuigkDyiOJuqJ6vrTvRjrYlGv8MLq92Y7+ZAQ43MpdAshNourAy8fkBBsMuYF037WvOMSxaz6Eg=="
    }
  }
}
